// !$*UTF8*$!
{
	archiveVersion = 1;
	classes = {
	};
	objectVersion = 55;
	objects = {

/* Begin PBXBuildFile section */
		3B3FF518BDF59591ACD80928 /* Pods_Flix.framework in Frameworks */ = {isa = PBXBuildFile; fileRef = 06FE3F1667EB4695323C6642 /* Pods_Flix.framework */; };
		6478B3A928D02CF000880359 /* MovieDetailsViewController.swift in Sources */ = {isa = PBXBuildFile; fileRef = 6478B3A828D02CEF00880359 /* MovieDetailsViewController.swift */; };
		6478B3AB28D0423300880359 /* MovieGridViewController.swift in Sources */ = {isa = PBXBuildFile; fileRef = 6478B3AA28D0423200880359 /* MovieGridViewController.swift */; };
		6478B3AD28D048AE00880359 /* MovieGridCell.swift in Sources */ = {isa = PBXBuildFile; fileRef = 6478B3AC28D048AE00880359 /* MovieGridCell.swift */; };
		649C4A5C28C6DB0F00D3E9FB /* AppDelegate.swift in Sources */ = {isa = PBXBuildFile; fileRef = 649C4A5B28C6DB0F00D3E9FB /* AppDelegate.swift */; };
		649C4A5E28C6DB0F00D3E9FB /* SceneDelegate.swift in Sources */ = {isa = PBXBuildFile; fileRef = 649C4A5D28C6DB0F00D3E9FB /* SceneDelegate.swift */; };
		649C4A6028C6DB0F00D3E9FB /* ViewController.swift in Sources */ = {isa = PBXBuildFile; fileRef = 649C4A5F28C6DB0F00D3E9FB /* ViewController.swift */; };
		649C4A6328C6DB0F00D3E9FB /* Main.storyboard in Resources */ = {isa = PBXBuildFile; fileRef = 649C4A6128C6DB0F00D3E9FB /* Main.storyboard */; };
		649C4A6528C6DB1300D3E9FB /* Assets.xcassets in Resources */ = {isa = PBXBuildFile; fileRef = 649C4A6428C6DB1300D3E9FB /* Assets.xcassets */; };
		649C4A6828C6DB1300D3E9FB /* LaunchScreen.storyboard in Resources */ = {isa = PBXBuildFile; fileRef = 649C4A6628C6DB1300D3E9FB /* LaunchScreen.storyboard */; };
		649C4A7028C6F6B400D3E9FB /* MovieCell.swift in Sources */ = {isa = PBXBuildFile; fileRef = 649C4A6F28C6F6B400D3E9FB /* MovieCell.swift */; };
		649C4A7328C6FF0F00D3E9FB /* AlamofireImage in Frameworks */ = {isa = PBXBuildFile; productRef = 649C4A7228C6FF0F00D3E9FB /* AlamofireImage */; };
/* End PBXBuildFile section */

/* Begin PBXFileReference section */
		06FE3F1667EB4695323C6642 /* Pods_Flix.framework */ = {isa = PBXFileReference; explicitFileType = wrapper.framework; includeInIndex = 0; path = Pods_Flix.framework; sourceTree = BUILT_PRODUCTS_DIR; };
		6478B3A828D02CEF00880359 /* MovieDetailsViewController.swift */ = {isa = PBXFileReference; lastKnownFileType = sourcecode.swift; path = MovieDetailsViewController.swift; sourceTree = "<group>"; };
		6478B3AA28D0423200880359 /* MovieGridViewController.swift */ = {isa = PBXFileReference; lastKnownFileType = sourcecode.swift; path = MovieGridViewController.swift; sourceTree = "<group>"; };
		6478B3AC28D048AE00880359 /* MovieGridCell.swift */ = {isa = PBXFileReference; lastKnownFileType = sourcecode.swift; path = MovieGridCell.swift; sourceTree = "<group>"; };
		649C4A5828C6DB0F00D3E9FB /* Flix.app */ = {isa = PBXFileReference; explicitFileType = wrapper.application; includeInIndex = 0; path = Flix.app; sourceTree = BUILT_PRODUCTS_DIR; };
		649C4A5B28C6DB0F00D3E9FB /* AppDelegate.swift */ = {isa = PBXFileReference; lastKnownFileType = sourcecode.swift; path = AppDelegate.swift; sourceTree = "<group>"; };
		649C4A5D28C6DB0F00D3E9FB /* SceneDelegate.swift */ = {isa = PBXFileReference; lastKnownFileType = sourcecode.swift; path = SceneDelegate.swift; sourceTree = "<group>"; };
		649C4A5F28C6DB0F00D3E9FB /* ViewController.swift */ = {isa = PBXFileReference; lastKnownFileType = sourcecode.swift; path = ViewController.swift; sourceTree = "<group>"; };
		649C4A6228C6DB0F00D3E9FB /* Base */ = {isa = PBXFileReference; lastKnownFileType = file.storyboard; name = Base; path = Base.lproj/Main.storyboard; sourceTree = "<group>"; };
		649C4A6428C6DB1300D3E9FB /* Assets.xcassets */ = {isa = PBXFileReference; lastKnownFileType = folder.assetcatalog; path = Assets.xcassets; sourceTree = "<group>"; };
		649C4A6728C6DB1300D3E9FB /* Base */ = {isa = PBXFileReference; lastKnownFileType = file.storyboard; name = Base; path = Base.lproj/LaunchScreen.storyboard; sourceTree = "<group>"; };
		649C4A6928C6DB1300D3E9FB /* Info.plist */ = {isa = PBXFileReference; lastKnownFileType = text.plist.xml; path = Info.plist; sourceTree = "<group>"; };
		649C4A6F28C6F6B400D3E9FB /* MovieCell.swift */ = {isa = PBXFileReference; lastKnownFileType = sourcecode.swift; path = MovieCell.swift; sourceTree = "<group>"; };
		6F4641D5880017098B644089 /* Pods-Flix.debug.xcconfig */ = {isa = PBXFileReference; includeInIndex = 1; lastKnownFileType = text.xcconfig; name = "Pods-Flix.debug.xcconfig"; path = "Target Support Files/Pods-Flix/Pods-Flix.debug.xcconfig"; sourceTree = "<group>"; };
		BA62E93DD460B8AD0CA3A3BB /* Pods-Flix.release.xcconfig */ = {isa = PBXFileReference; includeInIndex = 1; lastKnownFileType = text.xcconfig; name = "Pods-Flix.release.xcconfig"; path = "Target Support Files/Pods-Flix/Pods-Flix.release.xcconfig"; sourceTree = "<group>"; };
/* End PBXFileReference section */

/* Begin PBXFrameworksBuildPhase section */
		649C4A5528C6DB0F00D3E9FB /* Frameworks */ = {
			isa = PBXFrameworksBuildPhase;
			buildActionMask = 2147483647;
			files = (
				3B3FF518BDF59591ACD80928 /* Pods_Flix.framework in Frameworks */,
				649C4A7328C6FF0F00D3E9FB /* AlamofireImage in Frameworks */,
			);
			runOnlyForDeploymentPostprocessing = 0;
		};
/* End PBXFrameworksBuildPhase section */

/* Begin PBXGroup section */
		649C4A4F28C6DB0F00D3E9FB = {
			isa = PBXGroup;
			children = (
				649C4A5A28C6DB0F00D3E9FB /* Flix */,
				649C4A5928C6DB0F00D3E9FB /* Products */,
				B8D7C9AC9772CCFCE588386D /* Pods */,
				A0E17C30A91802478403857B /* Frameworks */,
			);
			sourceTree = "<group>";
		};
		649C4A5928C6DB0F00D3E9FB /* Products */ = {
			isa = PBXGroup;
			children = (
				649C4A5828C6DB0F00D3E9FB /* Flix.app */,
			);
			name = Products;
			sourceTree = "<group>";
		};
		649C4A5A28C6DB0F00D3E9FB /* Flix */ = {
			isa = PBXGroup;
			children = (
				649C4A5B28C6DB0F00D3E9FB /* AppDelegate.swift */,
				649C4A5D28C6DB0F00D3E9FB /* SceneDelegate.swift */,
				649C4A5F28C6DB0F00D3E9FB /* ViewController.swift */,
				649C4A6128C6DB0F00D3E9FB /* Main.storyboard */,
				6478B3AC28D048AE00880359 /* MovieGridCell.swift */,
				6478B3AA28D0423200880359 /* MovieGridViewController.swift */,
				6478B3A828D02CEF00880359 /* MovieDetailsViewController.swift */,
				649C4A6428C6DB1300D3E9FB /* Assets.xcassets */,
				649C4A6628C6DB1300D3E9FB /* LaunchScreen.storyboard */,
				649C4A6928C6DB1300D3E9FB /* Info.plist */,
				649C4A6F28C6F6B400D3E9FB /* MovieCell.swift */,
			);
			path = Flix;
			sourceTree = "<group>";
		};
		A0E17C30A91802478403857B /* Frameworks */ = {
			isa = PBXGroup;
			children = (
				06FE3F1667EB4695323C6642 /* Pods_Flix.framework */,
			);
			name = Frameworks;
			sourceTree = "<group>";
		};
		B8D7C9AC9772CCFCE588386D /* Pods */ = {
			isa = PBXGroup;
			children = (
				6F4641D5880017098B644089 /* Pods-Flix.debug.xcconfig */,
				BA62E93DD460B8AD0CA3A3BB /* Pods-Flix.release.xcconfig */,
			);
			path = Pods;
			sourceTree = "<group>";
		};
/* End PBXGroup section */

/* Begin PBXNativeTarget section */
		649C4A5728C6DB0F00D3E9FB /* Flix */ = {
			isa = PBXNativeTarget;
			buildConfigurationList = 649C4A6C28C6DB1300D3E9FB /* Build configuration list for PBXNativeTarget "Flix" */;
			buildPhases = (
				388FC75E41FEE618CA548883 /* [CP] Check Pods Manifest.lock */,
				649C4A5428C6DB0F00D3E9FB /* Sources */,
				649C4A5528C6DB0F00D3E9FB /* Frameworks */,
				649C4A5628C6DB0F00D3E9FB /* Resources */,
			);
			buildRules = (
			);
			dependencies = (
			);
			name = Flix;
			packageProductDependencies = (
				649C4A7228C6FF0F00D3E9FB /* AlamofireImage */,
			);
			productName = Flix;
			productReference = 649C4A5828C6DB0F00D3E9FB /* Flix.app */;
			productType = "com.apple.product-type.application";
		};
/* End PBXNativeTarget section */

/* Begin PBXProject section */
		649C4A5028C6DB0F00D3E9FB /* Project object */ = {
			isa = PBXProject;
			attributes = {
				BuildIndependentTargetsInParallel = 1;
				LastSwiftUpdateCheck = 1340;
				LastUpgradeCheck = 1340;
				TargetAttributes = {
					649C4A5728C6DB0F00D3E9FB = {
						CreatedOnToolsVersion = 13.4.1;
					};
				};
			};
			buildConfigurationList = 649C4A5328C6DB0F00D3E9FB /* Build configuration list for PBXProject "Flix" */;
			compatibilityVersion = "Xcode 13.0";
			developmentRegion = en;
			hasScannedForEncodings = 0;
			knownRegions = (
				en,
				Base,
			);
			mainGroup = 649C4A4F28C6DB0F00D3E9FB;
			packageReferences = (
				649C4A7128C6FF0F00D3E9FB /* XCRemoteSwiftPackageReference "AlamofireImage" */,
			);
			productRefGroup = 649C4A5928C6DB0F00D3E9FB /* Products */;
			projectDirPath = "";
			projectRoot = "";
			targets = (
				649C4A5728C6DB0F00D3E9FB /* Flix */,
			);
		};
/* End PBXProject section */

/* Begin PBXResourcesBuildPhase section */
		649C4A5628C6DB0F00D3E9FB /* Resources */ = {
			isa = PBXResourcesBuildPhase;
			buildActionMask = 2147483647;
			files = (
				649C4A6828C6DB1300D3E9FB /* LaunchScreen.storyboard in Resources */,
				649C4A6528C6DB1300D3E9FB /* Assets.xcassets in Resources */,
				649C4A6328C6DB0F00D3E9FB /* Main.storyboard in Resources */,
			);
			runOnlyForDeploymentPostprocessing = 0;
		};
/* End PBXResourcesBuildPhase section */

/* Begin PBXShellScriptBuildPhase section */
		388FC75E41FEE618CA548883 /* [CP] Check Pods Manifest.lock */ = {
			isa = PBXShellScriptBuildPhase;
			buildActionMask = 2147483647;
			files = (
			);
			inputFileListPaths = (
			);
			inputPaths = (
				"${PODS_PODFILE_DIR_PATH}/Podfile.lock",
				"${PODS_ROOT}/Manifest.lock",
			);
			name = "[CP] Check Pods Manifest.lock";
			outputFileListPaths = (
			);
			outputPaths = (
				"$(DERIVED_FILE_DIR)/Pods-Flix-checkManifestLockResult.txt",
			);
			runOnlyForDeploymentPostprocessing = 0;
			shellPath = /bin/sh;
			shellScript = "diff \"${PODS_PODFILE_DIR_PATH}/Podfile.lock\" \"${PODS_ROOT}/Manifest.lock\" > /dev/null\nif [ $? != 0 ] ; then\n    # print error to STDERR\n    echo \"error: The sandbox is not in sync with the Podfile.lock. Run 'pod install' or update your CocoaPods installation.\" >&2\n    exit 1\nfi\n# This output is used by Xcode 'outputs' to avoid re-running this script phase.\necho \"SUCCESS\" > \"${SCRIPT_OUTPUT_FILE_0}\"\n";
			showEnvVarsInLog = 0;
		};
/* End PBXShellScriptBuildPhase section */

/* Begin PBXSourcesBuildPhase section */
		649C4A5428C6DB0F00D3E9FB /* Sources */ = {
			isa = PBXSourcesBuildPhase;
			buildActionMask = 2147483647;
			files = (
				6478B3A928D02CF000880359 /* MovieDetailsViewController.swift in Sources */,
				649C4A6028C6DB0F00D3E9FB /* ViewController.swift in Sources */,
				649C4A5C28C6DB0F00D3E9FB /* AppDelegate.swift in Sources */,
				649C4A7028C6F6B400D3E9FB /* MovieCell.swift in Sources */,
				649C4A5E28C6DB0F00D3E9FB /* SceneDelegate.swift in Sources */,
				6478B3AB28D0423300880359 /* MovieGridViewController.swift in Sources */,
				6478B3AD28D048AE00880359 /* MovieGridCell.swift in Sources */,
			);
			runOnlyForDeploymentPostprocessing = 0;
		};
/* End PBXSourcesBuildPhase section */

/* Begin PBXVariantGroup section */
		649C4A6128C6DB0F00D3E9FB /* Main.storyboard */ = {
			isa = PBXVariantGroup;
			children = (
				649C4A6228C6DB0F00D3E9FB /* Base */,
			);
			name = Main.storyboard;
			sourceTree = "<group>";
		};
		649C4A6628C6DB1300D3E9FB /* LaunchScreen.storyboard */ = {
			isa = PBXVariantGroup;
			children = (
				649C4A6728C6DB1300D3E9FB /* Base */,
			);
			name = LaunchScreen.storyboard;
			sourceTree = "<group>";
		};
/* End PBXVariantGroup section */

/* Begin XCBuildConfiguration section */
		649C4A6A28C6DB1300D3E9FB /* Debug */ = {
			isa = XCBuildConfiguration;
			buildSettings = {
				ALWAYS_SEARCH_USER_PATHS = NO;
				CLANG_ANALYZER_NONNULL = YES;
				CLANG_ANALYZER_NUMBER_OBJECT_CONVERSION = YES_AGGRESSIVE;
				CLANG_CXX_LANGUAGE_STANDARD = "gnu++17";
				CLANG_ENABLE_MODULES = YES;
				CLANG_ENABLE_OBJC_ARC = YES;
				CLANG_ENABLE_OBJC_WEAK = YES;
				CLANG_WARN_BLOCK_CAPTURE_AUTORELEASING = YES;
				CLANG_WARN_BOOL_CONVERSION = YES;
				CLANG_WARN_COMMA = YES;
				CLANG_WARN_CONSTANT_CONVERSION = YES;
				CLANG_WARN_DEPRECATED_OBJC_IMPLEMENTATIONS = YES;
				CLANG_WARN_DIRECT_OBJC_ISA_USAGE = YES_ERROR;
				CLANG_WARN_DOCUMENTATION_COMMENTS = YES;
				CLANG_WARN_EMPTY_BODY = YES;
				CLANG_WARN_ENUM_CONVERSION = YES;
				CLANG_WARN_INFINITE_RECURSION = YES;
				CLANG_WARN_INT_CONVERSION = YES;
				CLANG_WARN_NON_LITERAL_NULL_CONVERSION = YES;
				CLANG_WARN_OBJC_IMPLICIT_RETAIN_SELF = YES;
				CLANG_WARN_OBJC_LITERAL_CONVERSION = YES;
				CLANG_WARN_OBJC_ROOT_CLASS = YES_ERROR;
				CLANG_WARN_QUOTED_INCLUDE_IN_FRAMEWORK_HEADER = YES;
				CLANG_WARN_RANGE_LOOP_ANALYSIS = YES;
				CLANG_WARN_STRICT_PROTOTYPES = YES;
				CLANG_WARN_SUSPICIOUS_MOVE = YES;
				CLANG_WARN_UNGUARDED_AVAILABILITY = YES_AGGRESSIVE;
				CLANG_WARN_UNREACHABLE_CODE = YES;
				CLANG_WARN__DUPLICATE_METHOD_MATCH = YES;
				COPY_PHASE_STRIP = NO;
				DEBUG_INFORMATION_FORMAT = dwarf;
				ENABLE_STRICT_OBJC_MSGSEND = YES;
				ENABLE_TESTABILITY = YES;
				GCC_C_LANGUAGE_STANDARD = gnu11;
				GCC_DYNAMIC_NO_PIC = NO;
				GCC_NO_COMMON_BLOCKS = YES;
				GCC_OPTIMIZATION_LEVEL = 0;
				GCC_PREPROCESSOR_DEFINITIONS = (
					"DEBUG=1",
					"$(inherited)",
				);
				GCC_WARN_64_TO_32_BIT_CONVERSION = YES;
				GCC_WARN_ABOUT_RETURN_TYPE = YES_ERROR;
				GCC_WARN_UNDECLARED_SELECTOR = YES;
				GCC_WARN_UNINITIALIZED_AUTOS = YES_AGGRESSIVE;
				GCC_WARN_UNUSED_FUNCTION = YES;
				GCC_WARN_UNUSED_VARIABLE = YES;
				IPHONEOS_DEPLOYMENT_TARGET = 15.5;
				MTL_ENABLE_DEBUG_INFO = INCLUDE_SOURCE;
				MTL_FAST_MATH = YES;
				ONLY_ACTIVE_ARCH = YES;
				SDKROOT = iphoneos;
				SWIFT_ACTIVE_COMPILATION_CONDITIONS = DEBUG;
				SWIFT_OPTIMIZATION_LEVEL = "-Onone";
			};
			name = Debug;
		};
		649C4A6B28C6DB1300D3E9FB /* Release */ = {
			isa = XCBuildConfiguration;
			buildSettings = {
				ALWAYS_SEARCH_USER_PATHS = NO;
				CLANG_ANALYZER_NONNULL = YES;
				CLANG_ANALYZER_NUMBER_OBJECT_CONVERSION = YES_AGGRESSIVE;
				CLANG_CXX_LANGUAGE_STANDARD = "gnu++17";
				CLANG_ENABLE_MODULES = YES;
				CLANG_ENABLE_OBJC_ARC = YES;
				CLANG_ENABLE_OBJC_WEAK = YES;
				CLANG_WARN_BLOCK_CAPTURE_AUTORELEASING = YES;
				CLANG_WARN_BOOL_CONVERSION = YES;
				CLANG_WARN_COMMA = YES;
				CLANG_WARN_CONSTANT_CONVERSION = YES;
				CLANG_WARN_DEPRECATED_OBJC_IMPLEMENTATIONS = YES;
				CLANG_WARN_DIRECT_OBJC_ISA_USAGE = YES_ERROR;
				CLANG_WARN_DOCUMENTATION_COMMENTS = YES;
				CLANG_WARN_EMPTY_BODY = YES;
				CLANG_WARN_ENUM_CONVERSION = YES;
				CLANG_WARN_INFINITE_RECURSION = YES;
				CLANG_WARN_INT_CONVERSION = YES;
				CLANG_WARN_NON_LITERAL_NULL_CONVERSION = YES;
				CLANG_WARN_OBJC_IMPLICIT_RETAIN_SELF = YES;
				CLANG_WARN_OBJC_LITERAL_CONVERSION = YES;
				CLANG_WARN_OBJC_ROOT_CLASS = YES_ERROR;
				CLANG_WARN_QUOTED_INCLUDE_IN_FRAMEWORK_HEADER = YES;
				CLANG_WARN_RANGE_LOOP_ANALYSIS = YES;
				CLANG_WARN_STRICT_PROTOTYPES = YES;
				CLANG_WARN_SUSPICIOUS_MOVE = YES;
				CLANG_WARN_UNGUARDED_AVAILABILITY = YES_AGGRESSIVE;
				CLANG_WARN_UNREACHABLE_CODE = YES;
				CLANG_WARN__DUPLICATE_METHOD_MATCH = YES;
				COPY_PHASE_STRIP = NO;
				DEBUG_INFORMATION_FORMAT = "dwarf-with-dsym";
				ENABLE_NS_ASSERTIONS = NO;
				ENABLE_STRICT_OBJC_MSGSEND = YES;
				GCC_C_LANGUAGE_STANDARD = gnu11;
				GCC_NO_COMMON_BLOCKS = YES;
				GCC_WARN_64_TO_32_BIT_CONVERSION = YES;
				GCC_WARN_ABOUT_RETURN_TYPE = YES_ERROR;
				GCC_WARN_UNDECLARED_SELECTOR = YES;
				GCC_WARN_UNINITIALIZED_AUTOS = YES_AGGRESSIVE;
				GCC_WARN_UNUSED_FUNCTION = YES;
				GCC_WARN_UNUSED_VARIABLE = YES;
				IPHONEOS_DEPLOYMENT_TARGET = 15.5;
				MTL_ENABLE_DEBUG_INFO = NO;
				MTL_FAST_MATH = YES;
				SDKROOT = iphoneos;
				SWIFT_COMPILATION_MODE = wholemodule;
				SWIFT_OPTIMIZATION_LEVEL = "-O";
				VALIDATE_PRODUCT = YES;
			};
			name = Release;
		};
		649C4A6D28C6DB1300D3E9FB /* Debug */ = {
			isa = XCBuildConfiguration;
			baseConfigurationReference = 6F4641D5880017098B644089 /* Pods-Flix.debug.xcconfig */;
			buildSettings = {
				ASSETCATALOG_COMPILER_APPICON_NAME = AppIcon;
				ASSETCATALOG_COMPILER_GLOBAL_ACCENT_COLOR_NAME = AccentColor;
				CODE_SIGN_STYLE = Automatic;
				CURRENT_PROJECT_VERSION = 1;
				DEVELOPMENT_TEAM = F2LX2ZLYTH;
				GENERATE_INFOPLIST_FILE = YES;
				INFOPLIST_FILE = Flix/Info.plist;
				INFOPLIST_KEY_UIApplicationSupportsIndirectInputEvents = YES;
				INFOPLIST_KEY_UILaunchStoryboardName = LaunchScreen;
				INFOPLIST_KEY_UIMainStoryboardFile = Main;
				INFOPLIST_KEY_UISupportedInterfaceOrientations_iPad = "UIInterfaceOrientationPortrait UIInterfaceOrientationPortraitUpsideDown UIInterfaceOrientationLandscapeLeft UIInterfaceOrientationLandscapeRight";
				INFOPLIST_KEY_UISupportedInterfaceOrientations_iPhone = "UIInterfaceOrientationPortrait UIInterfaceOrientationLandscapeLeft UIInterfaceOrientationLandscapeRight";
				IPHONEOS_DEPLOYMENT_TARGET = 15.5;
				LD_RUNPATH_SEARCH_PATHS = (
					"$(inherited)",
					"@executable_path/Frameworks",
				);
				MARKETING_VERSION = 1.0;
				PRODUCT_BUNDLE_IDENTIFIER = manuelcastro.club.Flix;
				PRODUCT_NAME = "$(TARGET_NAME)";
				SWIFT_EMIT_LOC_STRINGS = YES;
				SWIFT_VERSION = 5.0;
				TARGETED_DEVICE_FAMILY = "1,2";
			};
			name = Debug;
		};
		649C4A6E28C6DB1300D3E9FB /* Release */ = {
			isa = XCBuildConfiguration;
			baseConfigurationReference = BA62E93DD460B8AD0CA3A3BB /* Pods-Flix.release.xcconfig */;
			buildSettings = {
				ASSETCATALOG_COMPILER_APPICON_NAME = AppIcon;
				ASSETCATALOG_COMPILER_GLOBAL_ACCENT_COLOR_NAME = AccentColor;
				CODE_SIGN_STYLE = Automatic;
				CURRENT_PROJECT_VERSION = 1;
				DEVELOPMENT_TEAM = F2LX2ZLYTH;
				GENERATE_INFOPLIST_FILE = YES;
				INFOPLIST_FILE = Flix/Info.plist;
				INFOPLIST_KEY_UIApplicationSupportsIndirectInputEvents = YES;
				INFOPLIST_KEY_UILaunchStoryboardName = LaunchScreen;
				INFOPLIST_KEY_UIMainStoryboardFile = Main;
				INFOPLIST_KEY_UISupportedInterfaceOrientations_iPad = "UIInterfaceOrientationPortrait UIInterfaceOrientationPortraitUpsideDown UIInterfaceOrientationLandscapeLeft UIInterfaceOrientationLandscapeRight";
				INFOPLIST_KEY_UISupportedInterfaceOrientations_iPhone = "UIInterfaceOrientationPortrait UIInterfaceOrientationLandscapeLeft UIInterfaceOrientationLandscapeRight";
				IPHONEOS_DEPLOYMENT_TARGET = 15.5;
				LD_RUNPATH_SEARCH_PATHS = (
					"$(inherited)",
					"@executable_path/Frameworks",
				);
				MARKETING_VERSION = 1.0;
				PRODUCT_BUNDLE_IDENTIFIER = manuelcastro.club.Flix;
				PRODUCT_NAME = "$(TARGET_NAME)";
				SWIFT_EMIT_LOC_STRINGS = YES;
				SWIFT_VERSION = 5.0;
				TARGETED_DEVICE_FAMILY = "1,2";
			};
			name = Release;
		};
/* End XCBuildConfiguration section */

/* Begin XCConfigurationList section */
		649C4A5328C6DB0F00D3E9FB /* Build configuration list for PBXProject "Flix" */ = {
			isa = XCConfigurationList;
			buildConfigurations = (
				649C4A6A28C6DB1300D3E9FB /* Debug */,
				649C4A6B28C6DB1300D3E9FB /* Release */,
			);
			defaultConfigurationIsVisible = 0;
			defaultConfigurationName = Release;
		};
		649C4A6C28C6DB1300D3E9FB /* Build configuration list for PBXNativeTarget "Flix" */ = {
			isa = XCConfigurationList;
			buildConfigurations = (
				649C4A6D28C6DB1300D3E9FB /* Debug */,
				649C4A6E28C6DB1300D3E9FB /* Release */,
			);
			defaultConfigurationIsVisible = 0;
			defaultConfigurationName = Release;
		};
/* End XCConfigurationList section */

/* Begin XCRemoteSwiftPackageReference section */
		649C4A7128C6FF0F00D3E9FB /* XCRemoteSwiftPackageReference "AlamofireImage" */ = {
			isa = XCRemoteSwiftPackageReference;
			repositoryURL = "https://github.com/Alamofire/AlamofireImage";
			requirement = {
				branch = master;
				kind = branch;
			};
		};
/* End XCRemoteSwiftPackageReference section */

/* Begin XCSwiftPackageProductDependency section */
		649C4A7228C6FF0F00D3E9FB /* AlamofireImage */ = {
			isa = XCSwiftPackageProductDependency;
			package = 649C4A7128C6FF0F00D3E9FB /* XCRemoteSwiftPackageReference "AlamofireImage" */;
			productName = AlamofireImage;
		};
/* End XCSwiftPackageProductDependency section */
	};
	rootObject = 649C4A5028C6DB0F00D3E9FB /* Project object */;
}
